
Microsoft Visual Studio Solution File, Format Version 12.00
# Visual Studio Version 17
VisualStudioVersion = 17.5.33530.505
MinimumVisualStudioVersion = 10.0.40219.1
Project("{FAE04EC0-301F-11D3-BF4B-00C04F79EFBC}") = "Ex01 SocketUDP_Server", "Ex01 SocketUDP_Server\Ex01 SocketUDP_Server.csproj", "{740456E3-9207-44E0-9B64-D335B1902A22}"
EndProject
Global
	GlobalSection(SolutionConfigurationPlatforms) = preSolution
		Debug|Any CPU = Debug|Any CPU
		Release|Any CPU = Release|Any CPU
	EndGlobalSection
	GlobalSection(ProjectConfigurationPlatforms) = postSolution
		{740456E3-9207-44E0-9B64-D335B1902A22}.Debug|Any CPU.ActiveCfg = Debug|Any CPU
		{740456E3-9207-44E0-9B64-D335B1902A22}.Debug|Any CPU.Build.0 = Debug|Any CPU
		{740456E3-9207-44E0-9B64-D335B1902A22}.Release|Any CPU.ActiveCfg = Release|Any CPU
		{740456E3-9207-44E0-9B64-D335B1902A22}.Release|Any CPU.Build.0 = Release|Any CPU
	EndGlobalSection
	GlobalSection(SolutionProperties) = preSolution
		HideSolutionNode = FALSE
	EndGlobalSection
	GlobalSection(ExtensibilityGlobals) = postSolution
		SolutionGuid = {6BD8C2B2-CC88-420A-A0B2-5DCB994F9479}
	EndGlobalSection
EndGlobal
